
Microsoft Visual Studio Solution File, Format Version 12.00
# Visual Studio Version 17
VisualStudioVersion = 17.5.002.0
MinimumVisualStudioVersion = 10.0.40219.1
Project("{9A19103F-16F7-4668-BE54-9A1E7A4F7556}") = "CyclicRotation", "CyclicRotation.csproj", "{65F681AB-66FC-40E7-8359-9E52342CC485}"
EndProject
Global
	GlobalSection(SolutionConfigurationPlatforms) = preSolution
		Debug|Any CPU = Debug|Any CPU
		Release|Any CPU = Release|Any CPU
	EndGlobalSection
	GlobalSection(ProjectConfigurationPlatforms) = postSolution
		{65F681AB-66FC-40E7-8359-9E52342CC485}.Debug|Any CPU.ActiveCfg = Debug|Any CPU
		{65F681AB-66FC-40E7-8359-9E52342CC485}.Debug|Any CPU.Build.0 = Debug|Any CPU
		{65F681AB-66FC-40E7-8359-9E52342CC485}.Release|Any CPU.ActiveCfg = Release|Any CPU
		{65F681AB-66FC-40E7-8359-9E52342CC485}.Release|Any CPU.Build.0 = Release|Any CPU
	EndGlobalSection
	GlobalSection(SolutionProperties) = preSolution
		HideSolutionNode = FALSE
	EndGlobalSection
	GlobalSection(ExtensibilityGlobals) = postSolution
		SolutionGuid = {6E0B1CD4-4415-41C1-91CA-6831A2425206}
	EndGlobalSection
EndGlobal
